// !$*UTF8*$!
{
	archiveVersion = 1;
	classes = {
	};
	objectVersion = 46;
	objects = {

/* Begin PBXBuildFile section */
		39D13EAF1C2841CB001BD45B /* main.m in Sources */ = {isa = PBXBuildFile; fileRef = 39D13EAE1C2841CB001BD45B /* main.m */; };
		39D13EB21C2841CB001BD45B /* AppDelegate.m in Sources */ = {isa = PBXBuildFile; fileRef = 39D13EB11C2841CB001BD45B /* AppDelegate.m */; };
		39D13EB51C2841CB001BD45B /* ViewController.m in Sources */ = {isa = PBXBuildFile; fileRef = 39D13EB41C2841CB001BD45B /* ViewController.m */; };
		39D13EB81C2841CB001BD45B /* Main.storyboard in Resources */ = {isa = PBXBuildFile; fileRef = 39D13EB61C2841CB001BD45B /* Main.storyboard */; };
		39D13EBA1C2841CB001BD45B /* Assets.xcassets in Resources */ = {isa = PBXBuildFile; fileRef = 39D13EB91C2841CB001BD45B /* Assets.xcassets */; };
		39D13EBD1C2841CB001BD45B /* LaunchScreen.storyboard in Resources */ = {isa = PBXBuildFile; fileRef = 39D13EBB1C2841CB001BD45B /* LaunchScreen.storyboard */; };
/* End PBXBuildFile section */

/* Begin PBXFileReference section */
		39D13EAA1C2841CB001BD45B /* 01-手势识别.app */ = {isa = PBXFileReference; explicitFileType = wrapper.application; includeInIndex = 0; path = "01-手势识别.app"; sourceTree = BUILT_PRODUCTS_DIR; };
		39D13EAE1C2841CB001BD45B /* main.m */ = {isa = PBXFileReference; lastKnownFileType = sourcecode.c.objc; path = main.m; sourceTree = "<group>"; };
		39D13EB01C2841CB001BD45B /* AppDelegate.h */ = {isa = PBXFileReference; lastKnownFileType = sourcecode.c.h; path = AppDelegate.h; sourceTree = "<group>"; };
		39D13EB11C2841CB001BD45B /* AppDelegate.m */ = {isa = PBXFileReference; lastKnownFileType = sourcecode.c.objc; path = AppDelegate.m; sourceTree = "<group>"; };
		39D13EB31C2841CB001BD45B /* ViewController.h */ = {isa = PBXFileReference; lastKnownFileType = sourcecode.c.h; path = ViewController.h; sourceTree = "<group>"; };
		39D13EB41C2841CB001BD45B /* ViewController.m */ = {isa = PBXFileReference; lastKnownFileType = sourcecode.c.objc; path = ViewController.m; sourceTree = "<group>"; };
		39D13EB71C2841CB001BD45B /* Base */ = {isa = PBXFileReference; lastKnownFileType = file.storyboard; name = Base; path = Base.lproj/Main.storyboard; sourceTree = "<group>"; };
		39D13EB91C2841CB001BD45B /* Assets.xcassets */ = {isa = PBXFileReference; lastKnownFileType = folder.assetcatalog; path = Assets.xcassets; sourceTree = "<group>"; };
		39D13EBC1C2841CB001BD45B /* Base */ = {isa = PBXFileReference; lastKnownFileType = file.storyboard; name = Base; path = Base.lproj/LaunchScreen.storyboard; sourceTree = "<group>"; };
		39D13EBE1C2841CB001BD45B /* Info.plist */ = {isa = PBXFileReference; lastKnownFileType = text.plist.xml; path = Info.plist; sourceTree = "<group>"; };
/* End PBXFileReference section */

/* Begin PBXFrameworksBuildPhase section */
		39D13EA71C2841CB001BD45B /* Frameworks */ = {
			isa = PBXFrameworksBuildPhase;
			buildActionMask = 2147483647;
			files = (
			);
			runOnlyForDeploymentPostprocessing = 0;
		};
/* End PBXFrameworksBuildPhase section */

/* Begin PBXGroup section */
		39D13EA11C2841CB001BD45B = {
			isa = PBXGroup;
			children = (
				39D13EAC1C2841CB001BD45B /* 01-手势识别 */,
				39D13EAB1C2841CB001BD45B /* Products */,
			);
			sourceTree = "<group>";
		};
		39D13EAB1C2841CB001BD45B /* Products */ = {
			isa = PBXGroup;
			children = (
				39D13EAA1C2841CB001BD45B /* 01-手势识别.app */,
			);
			name = Products;
			sourceTree = "<group>";
		};
		39D13EAC1C2841CB001BD45B /* 01-手势识别 */ = {
			isa = PBXGroup;
			children = (
				39D13EB01C2841CB001BD45B /* AppDelegate.h */,
				39D13EB11C2841CB001BD45B /* AppDelegate.m */,
				39D13EB31C2841CB001BD45B /* ViewController.h */,
				39D13EB41C2841CB001BD45B /* ViewController.m */,
				39D13EB61C2841CB001BD45B /* Main.storyboard */,
				39D13EB91C2841CB001BD45B /* Assets.xcassets */,
				39D13EBB1C2841CB001BD45B /* LaunchScreen.storyboard */,
				39D13EBE1C2841CB001BD45B /* Info.plist */,
				39D13EAD1C2841CB001BD45B /* Supporting Files */,
			);
			path = "01-手势识别";
			sourceTree = "<group>";
		};
		39D13EAD1C2841CB001BD45B /* Supporting Files */ = {
			isa = PBXGroup;
			children = (
				39D13EAE1C2841CB001BD45B /* main.m */,
			);
			name = "Supporting Files";
			sourceTree = "<group>";
		};
/* End PBXGroup section */

/* Begin PBXNativeTarget section */
		39D13EA91C2841CB001BD45B /* 01-手势识别 */ = {
			isa = PBXNativeTarget;
			buildConfigurationList = 39D13EC11C2841CB001BD45B /* Build configuration list for PBXNativeTarget "01-手势识别" */;
			buildPhases = (
				39D13EA61C2841CB001BD45B /* Sources */,
				39D13EA71C2841CB001BD45B /* Frameworks */,
				39D13EA81C2841CB001BD45B /* Resources */,
			);
			buildRules = (
			);
			dependencies = (
			);
			name = "01-手势识别";
			productName = "01-手势识别";
			productReference = 39D13EAA1C2841CB001BD45B /* 01-手势识别.app */;
			productType = "com.apple.product-type.application";
		};
/* End PBXNativeTarget section */

/* Begin PBXProject section */
		39D13EA21C2841CB001BD45B /* Project object */ = {
			isa = PBXProject;
			attributes = {
				LastUpgradeCheck = 0720;
				ORGANIZATIONNAME = Rocco;
				TargetAttributes = {
					39D13EA91C2841CB001BD45B = {
						CreatedOnToolsVersion = 7.2;
						DevelopmentTeam = 5UQTCGDM98;
					};
				};
			};
			buildConfigurationList = 39D13EA51C2841CB001BD45B /* Build configuration list for PBXProject "01-手势识别" */;
			compatibilityVersion = "Xcode 3.2";
			developmentRegion = English;
			hasScannedForEncodings = 0;
			knownRegions = (
				en,
				Base,
			);
			mainGroup = 39D13EA11C2841CB001BD45B;
			productRefGroup = 39D13EAB1C2841CB001BD45B /* Products */;
			projectDirPath = "";
			projectRoot = "";
			targets = (
				39D13EA91C2841CB001BD45B /* 01-手势识别 */,
			);
		};
/* End PBXProject section */

/* Begin PBXResourcesBuildPhase section */
		39D13EA81C2841CB001BD45B /* Resources */ = {
			isa = PBXResourcesBuildPhase;
			buildActionMask = 2147483647;
			files = (
				39D13EBD1C2841CB001BD45B /* LaunchScreen.storyboard in Resources */,
				39D13EBA1C2841CB001BD45B /* Assets.xcassets in Resources */,
				39D13EB81C2841CB001BD45B /* Main.storyboard in Resources */,
			);
			runOnlyForDeploymentPostprocessing = 0;
		};
/* End PBXResourcesBuildPhase section */

/* Begin PBXSourcesBuildPhase section */
		39D13EA61C2841CB001BD45B /* Sources */ = {
			isa = PBXSourcesBuildPhase;
			buildActionMask = 2147483647;
			files = (
				39D13EB51C2841CB001BD45B /* ViewController.m in Sources */,
				39D13EB21C2841CB001BD45B /* AppDelegate.m in Sources */,
				39D13EAF1C2841CB001BD45B /* main.m in Sources */,
			);
			runOnlyForDeploymentPostprocessing = 0;
		};
/* End PBXSourcesBuildPhase section */

/* Begin PBXVariantGroup section */
		39D13EB61C2841CB001BD45B /* Main.storyboard */ = {
			isa = PBXVariantGroup;
			children = (
				39D13EB71C2841CB001BD45B /* Base */,
			);
			name = Main.storyboard;
			sourceTree = "<group>";
		};
		39D13EBB1C2841CB001BD45B /* LaunchScreen.storyboard */ = {
			isa = PBXVariantGroup;
			children = (
				39D13EBC1C2841CB001BD45B /* Base */,
			);
			name = LaunchScreen.storyboard;
			sourceTree = "<group>";
		};
/* End PBXVariantGroup section */

/* Begin XCBuildConfiguration section */
		39D13EBF1C2841CB001BD45B /* Debug */ = {
			isa = XCBuildConfiguration;
			buildSettings = {
				ALWAYS_SEARCH_USER_PATHS = NO;
				CLANG_CXX_LANGUAGE_STANDARD = "gnu++0x";
				CLANG_CXX_LIBRARY = "libc++";
				CLANG_ENABLE_MODULES = YES;
				CLANG_ENABLE_OBJC_ARC = YES;
				CLANG_WARN_BOOL_CONVERSION = YES;
				CLANG_WARN_CONSTANT_CONVERSION = YES;
				CLANG_WARN_DIRECT_OBJC_ISA_USAGE = YES_ERROR;
				CLANG_WARN_EMPTY_BODY = YES;
				CLANG_WARN_ENUM_CONVERSION = YES;
				CLANG_WARN_INT_CONVERSION = YES;
				CLANG_WARN_OBJC_ROOT_CLASS = YES_ERROR;
				CLANG_WARN_UNREACHABLE_CODE = YES;
				CLANG_WARN__DUPLICATE_METHOD_MATCH = YES;
				"CODE_SIGN_IDENTITY[sdk=iphoneos*]" = "iPhone Developer";
				COPY_PHASE_STRIP = NO;
				DEBUG_INFORMATION_FORMAT = dwarf;
				ENABLE_STRICT_OBJC_MSGSEND = YES;
				ENABLE_TESTABILITY = YES;
				GCC_C_LANGUAGE_STANDARD = gnu99;
				GCC_DYNAMIC_NO_PIC = NO;
				GCC_NO_COMMON_BLOCKS = YES;
				GCC_OPTIMIZATION_LEVEL = 0;
				GCC_PREPROCESSOR_DEFINITIONS = (
					"DEBUG=1",
					"$(inherited)",
				);
				GCC_WARN_64_TO_32_BIT_CONVERSION = YES;
				GCC_WARN_ABOUT_RETURN_TYPE = YES_ERROR;
				GCC_WARN_UNDECLARED_SELECTOR = YES;
				GCC_WARN_UNINITIALIZED_AUTOS = YES_AGGRESSIVE;
				GCC_WARN_UNUSED_FUNCTION = YES;
				GCC_WARN_UNUSED_VARIABLE = YES;
				IPHONEOS_DEPLOYMENT_TARGET = 9.2;
				MTL_ENABLE_DEBUG_INFO = YES;
				ONLY_ACTIVE_ARCH = YES;
				SDKROOT = iphoneos;
			};
			name = Debug;
		};
		39D13EC01C2841CB001BD45B /* Release */ = {
			isa = XCBuildConfiguration;
			buildSettings = {
				ALWAYS_SEARCH_USER_PATHS = NO;
				CLANG_CXX_LANGUAGE_STANDARD = "gnu++0x";
				CLANG_CXX_LIBRARY = "libc++";
				CLANG_ENABLE_MODULES = YES;
				CLANG_ENABLE_OBJC_ARC = YES;
				CLANG_WARN_BOOL_CONVERSION = YES;
				CLANG_WARN_CONSTANT_CONVERSION = YES;
				CLANG_WARN_DIRECT_OBJC_ISA_USAGE = YES_ERROR;
				CLANG_WARN_EMPTY_BODY = YES;
				CLANG_WARN_ENUM_CONVERSION = YES;
				CLANG_WARN_INT_CONVERSION = YES;
				CLANG_WARN_OBJC_ROOT_CLASS = YES_ERROR;
				CLANG_WARN_UNREACHABLE_CODE = YES;
				CLANG_WARN__DUPLICATE_METHOD_MATCH = YES;
				"CODE_SIGN_IDENTITY[sdk=iphoneos*]" = "iPhone Developer";
				COPY_PHASE_STRIP = NO;
				DEBUG_INFORMATION_FORMAT = "dwarf-with-dsym";
				ENABLE_NS_ASSERTIONS = NO;
				ENABLE_STRICT_OBJC_MSGSEND = YES;
				GCC_C_LANGUAGE_STANDARD = gnu99;
				GCC_NO_COMMON_BLOCKS = YES;
				GCC_WARN_64_TO_32_BIT_CONVERSION = YES;
				GCC_WARN_ABOUT_RETURN_TYPE = YES_ERROR;
				GCC_WARN_UNDECLARED_SELECTOR = YES;
				GCC_WARN_UNINITIALIZED_AUTOS = YES_AGGRESSIVE;
				GCC_WARN_UNUSED_FUNCTION = YES;
				GCC_WARN_UNUSED_VARIABLE = YES;
				IPHONEOS_DEPLOYMENT_TARGET = 9.2;
				MTL_ENABLE_DEBUG_INFO = NO;
				SDKROOT = iphoneos;
				VALIDATE_PRODUCT = YES;
			};
			name = Release;
		};
		39D13EC21C2841CB001BD45B /* Debug */ = {
			isa = XCBuildConfiguration;
			buildSettings = {
				ASSETCATALOG_COMPILER_APPICON_NAME = AppIcon;
				CODE_SIGN_IDENTITY = "iPhone Developer: Wei Feng Hou (76V5688MH4)";
				"CODE_SIGN_IDENTITY[sdk=iphoneos*]" = "iPhone Developer: Wei Feng Hou (76V5688MH4)";
				INFOPLIST_FILE = "01-手势识别/Info.plist";
				IPHONEOS_DEPLOYMENT_TARGET = 8.4;
				LD_RUNPATH_SEARCH_PATHS = "$(inherited) @executable_path/Frameworks";
				PRODUCT_BUNDLE_IDENTIFIER = "com.roc.-1-----";
				PRODUCT_NAME = "$(TARGET_NAME)";
			};
			name = Debug;
		};
		39D13EC31C2841CB001BD45B /* Release */ = {
			isa = XCBuildConfiguration;
			buildSettings = {
				ASSETCATALOG_COMPILER_APPICON_NAME = AppIcon;
				INFOPLIST_FILE = "01-手势识别/Info.plist";
				IPHONEOS_DEPLOYMENT_TARGET = 8.4;
				LD_RUNPATH_SEARCH_PATHS = "$(inherited) @executable_path/Frameworks";
				PRODUCT_BUNDLE_IDENTIFIER = "com.roc.-1-----";
				PRODUCT_NAME = "$(TARGET_NAME)";
			};
			name = Release;
		};
/* End XCBuildConfiguration section */

/* Begin XCConfigurationList section */
		39D13EA51C2841CB001BD45B /* Build configuration list for PBXProject "01-手势识别" */ = {
			isa = XCConfigurationList;
			buildConfigurations = (
				39D13EBF1C2841CB001BD45B /* Debug */,
				39D13EC01C2841CB001BD45B /* Release */,
			);
			defaultConfigurationIsVisible = 0;
			defaultConfigurationName = Release;
		};
		39D13EC11C2841CB001BD45B /* Build configuration list for PBXNativeTarget "01-手势识别" */ = {
			isa = XCConfigurationList;
			buildConfigurations = (
				39D13EC21C2841CB001BD45B /* Debug */,
				39D13EC31C2841CB001BD45B /* Release */,
			);
			defaultConfigurationIsVisible = 0;
		};
/* End XCConfigurationList section */
	};
	rootObject = 39D13EA21C2841CB001BD45B /* Project object */;
}
